
Microsoft Visual Studio Solution File, Format Version 12.00
# Visual Studio 15
VisualStudioVersion = 15.0.27428.2043
MinimumVisualStudioVersion = 10.0.40219.1
Project("{9A19103F-16F7-4668-BE54-9A1E7A4F7556}") = "Roadrunner.DriversSimulator", "Roadrunner.DriversSimulator\Roadrunner.DriversSimulator.csproj", "{BE8CFC95-6575-45B4-828B-38930C6F31B1}"
EndProject
Project("{9A19103F-16F7-4668-BE54-9A1E7A4F7556}") = "Roadrunner.Utils", "Roadrunner.Utils\Roadrunner.Utils.csproj", "{2AA7FD94-5D54-47E3-8710-CE09E7955551}"
EndProject
Project("{9A19103F-16F7-4668-BE54-9A1E7A4F7556}") = "Roadrunner.DriverClient", "Roadrunner.DriverClient\Roadrunner.DriverClient.csproj", "{22A4B5CD-2003-49C5-96D6-5E311818AE7D}"
EndProject
Project("{9A19103F-16F7-4668-BE54-9A1E7A4F7556}") = "Roadrunner.Web", "Roadrunner.Web\Roadrunner.Web.csproj", "{A74796EE-F3CF-4D2F-9ACD-A40F0581C7A9}"
EndProject
Project("{9A19103F-16F7-4668-BE54-9A1E7A4F7556}") = "Roadrunner.Instrumentation", "Roadrunner.Instrumentation\Roadrunner.Instrumentation.csproj", "{B77301AC-0F7B-4BDB-8394-4C007AE34677}"
EndProject
Project("{9A19103F-16F7-4668-BE54-9A1E7A4F7556}") = "Roadrunner.Types", "Roadrunner.Types\Roadrunner.Types.csproj", "{1AE620F2-626B-497C-B3C9-FA0F8839694E}"
EndProject
Project("{9A19103F-16F7-4668-BE54-9A1E7A4F7556}") = "Roadrunner.BusinessInterfaces", "Roadrunner.BusinessInterfaces\Roadrunner.BusinessInterfaces.csproj", "{C997CAB2-C546-4B55-8C24-309FA4C4CB3E}"
EndProject
Project("{9A19103F-16F7-4668-BE54-9A1E7A4F7556}") = "Roadrunner.Test", "Roadrunner.Test\Roadrunner.Test.csproj", "{7B7B015A-35BB-425C-8E35-D71E0EDF3FF0}"
EndProject
Project("{9A19103F-16F7-4668-BE54-9A1E7A4F7556}") = "Roadrunner.DataInterfaces", "Roadrunner.DataInterfaces\Roadrunner.DataInterfaces.csproj", "{34A4B7DB-EDCF-4CD7-8B1E-C2032FCE52AC}"
EndProject
Project("{9A19103F-16F7-4668-BE54-9A1E7A4F7556}") = "Roadrunner.BusinessLayer", "Roadrunner.BusinessLayer\Roadrunner.BusinessLayer.csproj", "{646B80A0-BB3C-4B72-92B3-F60E36F47475}"
EndProject
Project("{9A19103F-16F7-4668-BE54-9A1E7A4F7556}") = "Roadrunner.DataLayer", "Roadrunner.DataLayer\Roadrunner.DataLayer.csproj", "{89782AB8-06F4-40C7-9E10-3A58B3CA2C5E}"
EndProject
Project("{FAE04EC0-301F-11D3-BF4B-00C04F79EFBC}") = "Roadrunner.PassengersSimulator", "Roadrunner.PassengersSimulator\Roadrunner.PassengersSimulator.csproj", "{16849076-C728-4205-99BD-EF5F0D214D0A}"
EndProject
Project("{2150E333-8FDC-42A3-9474-1A3956D46DE8}") = "Solution Items", "Solution Items", "{70596D8D-4827-4D55-89BE-156D632A8CA7}"
	ProjectSection(SolutionItems) = preProject
		build.cmd = build.cmd
	EndProjectSection
EndProject
Global
	GlobalSection(SolutionConfigurationPlatforms) = preSolution
		Debug|Any CPU = Debug|Any CPU
		Release|Any CPU = Release|Any CPU
	EndGlobalSection
	GlobalSection(ProjectConfigurationPlatforms) = postSolution
		{BE8CFC95-6575-45B4-828B-38930C6F31B1}.Debug|Any CPU.ActiveCfg = Debug|Any CPU
		{BE8CFC95-6575-45B4-828B-38930C6F31B1}.Debug|Any CPU.Build.0 = Debug|Any CPU
		{BE8CFC95-6575-45B4-828B-38930C6F31B1}.Release|Any CPU.ActiveCfg = Release|Any CPU
		{BE8CFC95-6575-45B4-828B-38930C6F31B1}.Release|Any CPU.Build.0 = Release|Any CPU
		{2AA7FD94-5D54-47E3-8710-CE09E7955551}.Debug|Any CPU.ActiveCfg = Debug|Any CPU
		{2AA7FD94-5D54-47E3-8710-CE09E7955551}.Debug|Any CPU.Build.0 = Debug|Any CPU
		{2AA7FD94-5D54-47E3-8710-CE09E7955551}.Release|Any CPU.ActiveCfg = Release|Any CPU
		{2AA7FD94-5D54-47E3-8710-CE09E7955551}.Release|Any CPU.Build.0 = Release|Any CPU
		{22A4B5CD-2003-49C5-96D6-5E311818AE7D}.Debug|Any CPU.ActiveCfg = Debug|Any CPU
		{22A4B5CD-2003-49C5-96D6-5E311818AE7D}.Debug|Any CPU.Build.0 = Debug|Any CPU
		{22A4B5CD-2003-49C5-96D6-5E311818AE7D}.Release|Any CPU.ActiveCfg = Release|Any CPU
		{22A4B5CD-2003-49C5-96D6-5E311818AE7D}.Release|Any CPU.Build.0 = Release|Any CPU
		{A74796EE-F3CF-4D2F-9ACD-A40F0581C7A9}.Debug|Any CPU.ActiveCfg = Debug|Any CPU
		{A74796EE-F3CF-4D2F-9ACD-A40F0581C7A9}.Debug|Any CPU.Build.0 = Debug|Any CPU
		{A74796EE-F3CF-4D2F-9ACD-A40F0581C7A9}.Release|Any CPU.ActiveCfg = Release|Any CPU
		{A74796EE-F3CF-4D2F-9ACD-A40F0581C7A9}.Release|Any CPU.Build.0 = Release|Any CPU
		{B77301AC-0F7B-4BDB-8394-4C007AE34677}.Debug|Any CPU.ActiveCfg = Debug|Any CPU
		{B77301AC-0F7B-4BDB-8394-4C007AE34677}.Debug|Any CPU.Build.0 = Debug|Any CPU
		{B77301AC-0F7B-4BDB-8394-4C007AE34677}.Release|Any CPU.ActiveCfg = Release|Any CPU
		{B77301AC-0F7B-4BDB-8394-4C007AE34677}.Release|Any CPU.Build.0 = Release|Any CPU
		{1AE620F2-626B-497C-B3C9-FA0F8839694E}.Debug|Any CPU.ActiveCfg = Debug|Any CPU
		{1AE620F2-626B-497C-B3C9-FA0F8839694E}.Debug|Any CPU.Build.0 = Debug|Any CPU
		{1AE620F2-626B-497C-B3C9-FA0F8839694E}.Release|Any CPU.ActiveCfg = Release|Any CPU
		{1AE620F2-626B-497C-B3C9-FA0F8839694E}.Release|Any CPU.Build.0 = Release|Any CPU
		{C997CAB2-C546-4B55-8C24-309FA4C4CB3E}.Debug|Any CPU.ActiveCfg = Debug|Any CPU
		{C997CAB2-C546-4B55-8C24-309FA4C4CB3E}.Debug|Any CPU.Build.0 = Debug|Any CPU
		{C997CAB2-C546-4B55-8C24-309FA4C4CB3E}.Release|Any CPU.ActiveCfg = Release|Any CPU
		{C997CAB2-C546-4B55-8C24-309FA4C4CB3E}.Release|Any CPU.Build.0 = Release|Any CPU
		{7B7B015A-35BB-425C-8E35-D71E0EDF3FF0}.Debug|Any CPU.ActiveCfg = Debug|Any CPU
		{7B7B015A-35BB-425C-8E35-D71E0EDF3FF0}.Debug|Any CPU.Build.0 = Debug|Any CPU
		{7B7B015A-35BB-425C-8E35-D71E0EDF3FF0}.Release|Any CPU.ActiveCfg = Release|Any CPU
		{7B7B015A-35BB-425C-8E35-D71E0EDF3FF0}.Release|Any CPU.Build.0 = Release|Any CPU
		{34A4B7DB-EDCF-4CD7-8B1E-C2032FCE52AC}.Debug|Any CPU.ActiveCfg = Debug|Any CPU
		{34A4B7DB-EDCF-4CD7-8B1E-C2032FCE52AC}.Debug|Any CPU.Build.0 = Debug|Any CPU
		{34A4B7DB-EDCF-4CD7-8B1E-C2032FCE52AC}.Release|Any CPU.ActiveCfg = Release|Any CPU
		{34A4B7DB-EDCF-4CD7-8B1E-C2032FCE52AC}.Release|Any CPU.Build.0 = Release|Any CPU
		{646B80A0-BB3C-4B72-92B3-F60E36F47475}.Debug|Any CPU.ActiveCfg = Debug|Any CPU
		{646B80A0-BB3C-4B72-92B3-F60E36F47475}.Debug|Any CPU.Build.0 = Debug|Any CPU
		{646B80A0-BB3C-4B72-92B3-F60E36F47475}.Release|Any CPU.ActiveCfg = Release|Any CPU
		{646B80A0-BB3C-4B72-92B3-F60E36F47475}.Release|Any CPU.Build.0 = Release|Any CPU
		{89782AB8-06F4-40C7-9E10-3A58B3CA2C5E}.Debug|Any CPU.ActiveCfg = Debug|Any CPU
		{89782AB8-06F4-40C7-9E10-3A58B3CA2C5E}.Debug|Any CPU.Build.0 = Debug|Any CPU
		{89782AB8-06F4-40C7-9E10-3A58B3CA2C5E}.Release|Any CPU.ActiveCfg = Release|Any CPU
		{89782AB8-06F4-40C7-9E10-3A58B3CA2C5E}.Release|Any CPU.Build.0 = Release|Any CPU
		{16849076-C728-4205-99BD-EF5F0D214D0A}.Debug|Any CPU.ActiveCfg = Debug|Any CPU
		{16849076-C728-4205-99BD-EF5F0D214D0A}.Debug|Any CPU.Build.0 = Debug|Any CPU
		{16849076-C728-4205-99BD-EF5F0D214D0A}.Release|Any CPU.ActiveCfg = Release|Any CPU
		{16849076-C728-4205-99BD-EF5F0D214D0A}.Release|Any CPU.Build.0 = Release|Any CPU
	EndGlobalSection
	GlobalSection(SolutionProperties) = preSolution
		HideSolutionNode = FALSE
	EndGlobalSection
	GlobalSection(ExtensibilityGlobals) = postSolution
		SolutionGuid = {11EBEC14-FC3E-45D7-9DC2-3FED36EBC895}
	EndGlobalSection
EndGlobal
