
Microsoft Visual Studio Solution File, Format Version 12.00
# Visual Studio 15
VisualStudioVersion = 15.0.27428.2043
MinimumVisualStudioVersion = 10.0.40219.1
Project("{FAE04EC0-301F-11D3-BF4B-00C04F79EFBC}") = "Roadrunner.DriversSimulator", "Roadrunner.DriversSimulator\Roadrunner.DriversSimulator.csproj", "{BE8CFC95-6575-45B4-828B-38930C6F31B1}"
EndProject
Project("{FAE04EC0-301F-11D3-BF4B-00C04F79EFBC}") = "Roadrunner.Utils", "Roadrunner.Utils\Roadrunner.Utils.csproj", "{2AA7FD94-5D54-47E3-8710-CE09E7955551}"
EndProject
Global
	GlobalSection(SolutionConfigurationPlatforms) = preSolution
		Debug|Any CPU = Debug|Any CPU
		Release|Any CPU = Release|Any CPU
	EndGlobalSection
	GlobalSection(ProjectConfigurationPlatforms) = postSolution
		{BE8CFC95-6575-45B4-828B-38930C6F31B1}.Debug|Any CPU.ActiveCfg = Debug|Any CPU
		{BE8CFC95-6575-45B4-828B-38930C6F31B1}.Debug|Any CPU.Build.0 = Debug|Any CPU
		{BE8CFC95-6575-45B4-828B-38930C6F31B1}.Release|Any CPU.ActiveCfg = Release|Any CPU
		{BE8CFC95-6575-45B4-828B-38930C6F31B1}.Release|Any CPU.Build.0 = Release|Any CPU
		{2AA7FD94-5D54-47E3-8710-CE09E7955551}.Debug|Any CPU.ActiveCfg = Debug|Any CPU
		{2AA7FD94-5D54-47E3-8710-CE09E7955551}.Debug|Any CPU.Build.0 = Debug|Any CPU
		{2AA7FD94-5D54-47E3-8710-CE09E7955551}.Release|Any CPU.ActiveCfg = Release|Any CPU
		{2AA7FD94-5D54-47E3-8710-CE09E7955551}.Release|Any CPU.Build.0 = Release|Any CPU
	EndGlobalSection
	GlobalSection(SolutionProperties) = preSolution
		HideSolutionNode = FALSE
	EndGlobalSection
	GlobalSection(ExtensibilityGlobals) = postSolution
		SolutionGuid = {11EBEC14-FC3E-45D7-9DC2-3FED36EBC895}
	EndGlobalSection
EndGlobal
